# This file is automatically @generated by Cargo.
# It is not intended for manual editing.
version = 3

[[package]]
name = "polymath"
version = "1.0.0"
dependencies = [
 "polymath-queue",
]

[[package]]
name = "polymath-cache"
version = "1.0.0"

[[package]]
name = "polymath-crawler"
version = "1.0.0"

[[package]]
name = "polymath-db"
version = "1.0.0"

[[package]]
name = "polymath-error"
version = "1.0.0"

[[package]]
name = "polymath-queue"
version = "1.0.0"

[[package]]
name = "robots"
version = "0.0.1"

[[package]]
name = "sitemap"
version = "0.0.1"
